Microsoft Visual Studio Solution File, Format Version 11.00
# Visual Studio 2008

Project("{1F43D1E9-3B67-F91D-14BB-52331304CA52}") = "D22D", "Assembly-CSharp-firstpass.csproj", "{F1194639-5C1E-6A13-0DB1-DB1156CED26A}"
EndProject
Project("{1F43D1E9-3B67-F91D-14BB-52331304CA52}") = "D22D", "Assembly-CSharp.csproj", "{90C5741B-4851-B6E3-D97D-97A2CD0F011E}"
EndProject
Project("{1F43D1E9-3B67-F91D-14BB-52331304CA52}") = "D22D", "Assembly-CSharp-Editor.csproj", "{BF7F4CC6-F3B4-593F-21B6-A180BE678D28}"
EndProject
Project("{1F43D1E9-3B67-F91D-14BB-52331304CA52}") = "D22D", "Assembly-UnityScript-firstpass.unityproj", "{FA4300F4-2632-75C1-ABA3-D7EC608C58F2}"
EndProject
Project("{1F43D1E9-3B67-F91D-14BB-52331304CA52}") = "D22D", "Assembly-UnityScript.unityproj", "{B5CCB5E3-7508-2478-DA7E-443F14E34A55}"
EndProject
Global
	GlobalSection(SolutionConfigurationPlatforms) = preSolution
		Debug|Any CPU = Debug|Any CPU
		Release|Any CPU = Release|Any CPU
	EndGlobalSection
	GlobalSection(ProjectConfigurationPlatforms) = postSolution
		{F1194639-5C1E-6A13-0DB1-DB1156CED26A}.Debug|Any CPU.ActiveCfg = Debug|Any CPU
		{F1194639-5C1E-6A13-0DB1-DB1156CED26A}.Debug|Any CPU.Build.0 = Debug|Any CPU
		{F1194639-5C1E-6A13-0DB1-DB1156CED26A}.Release|Any CPU.ActiveCfg = Release|Any CPU
		{F1194639-5C1E-6A13-0DB1-DB1156CED26A}.Release|Any CPU.Build.0 = Release|Any CPU
		{90C5741B-4851-B6E3-D97D-97A2CD0F011E}.Debug|Any CPU.ActiveCfg = Debug|Any CPU
		{90C5741B-4851-B6E3-D97D-97A2CD0F011E}.Debug|Any CPU.Build.0 = Debug|Any CPU
		{90C5741B-4851-B6E3-D97D-97A2CD0F011E}.Release|Any CPU.ActiveCfg = Release|Any CPU
		{90C5741B-4851-B6E3-D97D-97A2CD0F011E}.Release|Any CPU.Build.0 = Release|Any CPU
		{BF7F4CC6-F3B4-593F-21B6-A180BE678D28}.Debug|Any CPU.ActiveCfg = Debug|Any CPU
		{BF7F4CC6-F3B4-593F-21B6-A180BE678D28}.Debug|Any CPU.Build.0 = Debug|Any CPU
		{BF7F4CC6-F3B4-593F-21B6-A180BE678D28}.Release|Any CPU.ActiveCfg = Release|Any CPU
		{BF7F4CC6-F3B4-593F-21B6-A180BE678D28}.Release|Any CPU.Build.0 = Release|Any CPU
		{FA4300F4-2632-75C1-ABA3-D7EC608C58F2}.Debug|Any CPU.ActiveCfg = Debug|Any CPU
		{FA4300F4-2632-75C1-ABA3-D7EC608C58F2}.Debug|Any CPU.Build.0 = Debug|Any CPU
		{FA4300F4-2632-75C1-ABA3-D7EC608C58F2}.Release|Any CPU.ActiveCfg = Release|Any CPU
		{FA4300F4-2632-75C1-ABA3-D7EC608C58F2}.Release|Any CPU.Build.0 = Release|Any CPU
		{B5CCB5E3-7508-2478-DA7E-443F14E34A55}.Debug|Any CPU.ActiveCfg = Debug|Any CPU
		{B5CCB5E3-7508-2478-DA7E-443F14E34A55}.Debug|Any CPU.Build.0 = Debug|Any CPU
		{B5CCB5E3-7508-2478-DA7E-443F14E34A55}.Release|Any CPU.ActiveCfg = Release|Any CPU
		{B5CCB5E3-7508-2478-DA7E-443F14E34A55}.Release|Any CPU.Build.0 = Release|Any CPU
	EndGlobalSection
	GlobalSection(SolutionProperties) = preSolution
		HideSolutionNode = FALSE
	EndGlobalSection
																																																																																											GlobalSection(MonoDevelopProperties) = preSolution
		StartupItem = Assembly-CSharp.csproj
		Policies = $0
		$0.TextStylePolicy = $1
		$1.inheritsSet = null
		$1.scope = text/x-csharp
		$0.CSharpFormattingPolicy = $2
		$2.inheritsSet = Mono
		$2.inheritsScope = text/x-csharp
		$2.scope = text/x-csharp
		$0.TextStylePolicy = $3
		$3.FileWidth = 120
		$3.TabWidth = 4
		$3.EolMarker = Unix
		$3.inheritsSet = Mono
		$3.inheritsScope = text/plain
		$3.scope = text/plain
	EndGlobalSection

EndGlobal
